
Microsoft Visual Studio Solution File, Format Version 12.00
# Visual Studio Version 17
VisualStudioVersion = 17.14.36221.1 d17.14
MinimumVisualStudioVersion = 10.0.40219.1
Project("{FAE04EC0-301F-11D3-BF4B-00C04F79EFBC}") = "CapaDatos", "ProyectoEmpresa\CapaDatos.csproj", "{F0E8FABF-574A-45EA-B80E-DE8E11C82F87}"
EndProject
Project("{FAE04EC0-301F-11D3-BF4B-00C04F79EFBC}") = "CapaNegocios", "CapaNegocios\CapaNegocios.csproj", "{A760D3A5-0EDB-407E-AD63-57729F3CAA65}"
EndProject
Project("{FAE04EC0-301F-11D3-BF4B-00C04F79EFBC}") = "CapaPresentacion", "CapaPresentacion\CapaPresentacion.csproj", "{D5D4FBF3-D3DB-4A19-8729-1F0794E17A1B}"
EndProject
Global
	GlobalSection(SolutionConfigurationPlatforms) = preSolution
		Debug|Any CPU = Debug|Any CPU
		Release|Any CPU = Release|Any CPU
	EndGlobalSection
	GlobalSection(ProjectConfigurationPlatforms) = postSolution
		{F0E8FABF-574A-45EA-B80E-DE8E11C82F87}.Debug|Any CPU.ActiveCfg = Debug|Any CPU
		{F0E8FABF-574A-45EA-B80E-DE8E11C82F87}.Debug|Any CPU.Build.0 = Debug|Any CPU
		{F0E8FABF-574A-45EA-B80E-DE8E11C82F87}.Release|Any CPU.ActiveCfg = Release|Any CPU
		{F0E8FABF-574A-45EA-B80E-DE8E11C82F87}.Release|Any CPU.Build.0 = Release|Any CPU
		{A760D3A5-0EDB-407E-AD63-57729F3CAA65}.Debug|Any CPU.ActiveCfg = Debug|Any CPU
		{A760D3A5-0EDB-407E-AD63-57729F3CAA65}.Debug|Any CPU.Build.0 = Debug|Any CPU
		{A760D3A5-0EDB-407E-AD63-57729F3CAA65}.Release|Any CPU.ActiveCfg = Release|Any CPU
		{A760D3A5-0EDB-407E-AD63-57729F3CAA65}.Release|Any CPU.Build.0 = Release|Any CPU
		{D5D4FBF3-D3DB-4A19-8729-1F0794E17A1B}.Debug|Any CPU.ActiveCfg = Debug|Any CPU
		{D5D4FBF3-D3DB-4A19-8729-1F0794E17A1B}.Debug|Any CPU.Build.0 = Debug|Any CPU
		{D5D4FBF3-D3DB-4A19-8729-1F0794E17A1B}.Release|Any CPU.ActiveCfg = Release|Any CPU
		{D5D4FBF3-D3DB-4A19-8729-1F0794E17A1B}.Release|Any CPU.Build.0 = Release|Any CPU
	EndGlobalSection
	GlobalSection(SolutionProperties) = preSolution
		HideSolutionNode = FALSE
	EndGlobalSection
	GlobalSection(ExtensibilityGlobals) = postSolution
		SolutionGuid = {AE9A8127-FF1E-4D3A-B537-861BB9C72D4B}
	EndGlobalSection
EndGlobal
